
Microsoft Visual Studio Solution File, Format Version 12.00
# Visual Studio 15
VisualStudioVersion = 15.0.27428.2043
MinimumVisualStudioVersion = 10.0.40219.1
Project("{FAE04EC0-301F-11D3-BF4B-00C04F79EFBC}") = "CommunityCare.Android", "CommunityCare\CommunityCare.Android\CommunityCare.Android.csproj", "{C3265676-27D6-4654-94E0-91490C69EAC6}"
EndProject
Project("{FAE04EC0-301F-11D3-BF4B-00C04F79EFBC}") = "CommunityCare.iOS", "CommunityCare\CommunityCare.iOS\CommunityCare.iOS.csproj", "{27B2F72E-80A6-45FF-9DF9-13A434633752}"
EndProject
Project("{FAE04EC0-301F-11D3-BF4B-00C04F79EFBC}") = "CommunityCare", "CommunityCare\CommunityCare\CommunityCare.csproj", "{A3472ABB-775D-4E80-B05C-8E313E091084}"
EndProject
Global
	GlobalSection(SolutionConfigurationPlatforms) = preSolution
		Ad-Hoc|Any CPU = Ad-Hoc|Any CPU
		Ad-Hoc|iPhone = Ad-Hoc|iPhone
		Ad-Hoc|iPhoneSimulator = Ad-Hoc|iPhoneSimulator
		AppStore|Any CPU = AppStore|Any CPU
		AppStore|iPhone = AppStore|iPhone
		AppStore|iPhoneSimulator = AppStore|iPhoneSimulator
		Debug|Any CPU = Debug|Any CPU
		Debug|iPhone = Debug|iPhone
		Debug|iPhoneSimulator = Debug|iPhoneSimulator
		Release|Any CPU = Release|Any CPU
		Release|iPhone = Release|iPhone
		Release|iPhoneSimulator = Release|iPhoneSimulator
	EndGlobalSection
	GlobalSection(ProjectConfigurationPlatforms) = postSolution
		{C3265676-27D6-4654-94E0-91490C69EAC6}.Ad-Hoc|Any CPU.ActiveCfg = Release|Any CPU
		{C3265676-27D6-4654-94E0-91490C69EAC6}.Ad-Hoc|Any CPU.Build.0 = Release|Any CPU
		{C3265676-27D6-4654-94E0-91490C69EAC6}.Ad-Hoc|Any CPU.Deploy.0 = Release|Any CPU
		{C3265676-27D6-4654-94E0-91490C69EAC6}.Ad-Hoc|iPhone.ActiveCfg = Release|Any CPU
		{C3265676-27D6-4654-94E0-91490C69EAC6}.Ad-Hoc|iPhone.Build.0 = Release|Any CPU
		{C3265676-27D6-4654-94E0-91490C69EAC6}.Ad-Hoc|iPhone.Deploy.0 = Release|Any CPU
		{C3265676-27D6-4654-94E0-91490C69EAC6}.Ad-Hoc|iPhoneSimulator.ActiveCfg = Release|Any CPU
		{C3265676-27D6-4654-94E0-91490C69EAC6}.Ad-Hoc|iPhoneSimulator.Build.0 = Release|Any CPU
		{C3265676-27D6-4654-94E0-91490C69EAC6}.Ad-Hoc|iPhoneSimulator.Deploy.0 = Release|Any CPU
		{C3265676-27D6-4654-94E0-91490C69EAC6}.AppStore|Any CPU.ActiveCfg = Release|Any CPU
		{C3265676-27D6-4654-94E0-91490C69EAC6}.AppStore|Any CPU.Build.0 = Release|Any CPU
		{C3265676-27D6-4654-94E0-91490C69EAC6}.AppStore|Any CPU.Deploy.0 = Release|Any CPU
		{C3265676-27D6-4654-94E0-91490C69EAC6}.AppStore|iPhone.ActiveCfg = Release|Any CPU
		{C3265676-27D6-4654-94E0-91490C69EAC6}.AppStore|iPhone.Build.0 = Release|Any CPU
		{C3265676-27D6-4654-94E0-91490C69EAC6}.AppStore|iPhone.Deploy.0 = Release|Any CPU
		{C3265676-27D6-4654-94E0-91490C69EAC6}.AppStore|iPhoneSimulator.ActiveCfg = Release|Any CPU
		{C3265676-27D6-4654-94E0-91490C69EAC6}.AppStore|iPhoneSimulator.Build.0 = Release|Any CPU
		{C3265676-27D6-4654-94E0-91490C69EAC6}.AppStore|iPhoneSimulator.Deploy.0 = Release|Any CPU
		{C3265676-27D6-4654-94E0-91490C69EAC6}.Debug|Any CPU.ActiveCfg = Debug|Any CPU
		{C3265676-27D6-4654-94E0-91490C69EAC6}.Debug|Any CPU.Build.0 = Debug|Any CPU
		{C3265676-27D6-4654-94E0-91490C69EAC6}.Debug|Any CPU.Deploy.0 = Debug|Any CPU
		{C3265676-27D6-4654-94E0-91490C69EAC6}.Debug|iPhone.ActiveCfg = Debug|Any CPU
		{C3265676-27D6-4654-94E0-91490C69EAC6}.Debug|iPhone.Build.0 = Debug|Any CPU
		{C3265676-27D6-4654-94E0-91490C69EAC6}.Debug|iPhone.Deploy.0 = Debug|Any CPU
		{C3265676-27D6-4654-94E0-91490C69EAC6}.Debug|iPhoneSimulator.ActiveCfg = Debug|Any CPU
		{C3265676-27D6-4654-94E0-91490C69EAC6}.Debug|iPhoneSimulator.Build.0 = Debug|Any CPU
		{C3265676-27D6-4654-94E0-91490C69EAC6}.Debug|iPhoneSimulator.Deploy.0 = Debug|Any CPU
		{C3265676-27D6-4654-94E0-91490C69EAC6}.Release|Any CPU.ActiveCfg = Release|Any CPU
		{C3265676-27D6-4654-94E0-91490C69EAC6}.Release|Any CPU.Build.0 = Release|Any CPU
		{C3265676-27D6-4654-94E0-91490C69EAC6}.Release|Any CPU.Deploy.0 = Release|Any CPU
		{C3265676-27D6-4654-94E0-91490C69EAC6}.Release|iPhone.ActiveCfg = Release|Any CPU
		{C3265676-27D6-4654-94E0-91490C69EAC6}.Release|iPhone.Build.0 = Release|Any CPU
		{C3265676-27D6-4654-94E0-91490C69EAC6}.Release|iPhone.Deploy.0 = Release|Any CPU
		{C3265676-27D6-4654-94E0-91490C69EAC6}.Release|iPhoneSimulator.ActiveCfg = Release|Any CPU
		{C3265676-27D6-4654-94E0-91490C69EAC6}.Release|iPhoneSimulator.Build.0 = Release|Any CPU
		{C3265676-27D6-4654-94E0-91490C69EAC6}.Release|iPhoneSimulator.Deploy.0 = Release|Any CPU
		{27B2F72E-80A6-45FF-9DF9-13A434633752}.Ad-Hoc|Any CPU.ActiveCfg = Ad-Hoc|iPhone
		{27B2F72E-80A6-45FF-9DF9-13A434633752}.Ad-Hoc|iPhone.ActiveCfg = Ad-Hoc|iPhone
		{27B2F72E-80A6-45FF-9DF9-13A434633752}.Ad-Hoc|iPhone.Build.0 = Ad-Hoc|iPhone
		{27B2F72E-80A6-45FF-9DF9-13A434633752}.Ad-Hoc|iPhoneSimulator.ActiveCfg = Ad-Hoc|iPhoneSimulator
		{27B2F72E-80A6-45FF-9DF9-13A434633752}.Ad-Hoc|iPhoneSimulator.Build.0 = Ad-Hoc|iPhoneSimulator
		{27B2F72E-80A6-45FF-9DF9-13A434633752}.AppStore|Any CPU.ActiveCfg = AppStore|iPhone
		{27B2F72E-80A6-45FF-9DF9-13A434633752}.AppStore|iPhone.ActiveCfg = AppStore|iPhone
		{27B2F72E-80A6-45FF-9DF9-13A434633752}.AppStore|iPhone.Build.0 = AppStore|iPhone
		{27B2F72E-80A6-45FF-9DF9-13A434633752}.AppStore|iPhoneSimulator.ActiveCfg = AppStore|iPhoneSimulator
		{27B2F72E-80A6-45FF-9DF9-13A434633752}.AppStore|iPhoneSimulator.Build.0 = AppStore|iPhoneSimulator
		{27B2F72E-80A6-45FF-9DF9-13A434633752}.Debug|Any CPU.ActiveCfg = Debug|iPhone
		{27B2F72E-80A6-45FF-9DF9-13A434633752}.Debug|iPhone.ActiveCfg = Debug|iPhone
		{27B2F72E-80A6-45FF-9DF9-13A434633752}.Debug|iPhone.Build.0 = Debug|iPhone
		{27B2F72E-80A6-45FF-9DF9-13A434633752}.Debug|iPhoneSimulator.ActiveCfg = Debug|iPhoneSimulator
		{27B2F72E-80A6-45FF-9DF9-13A434633752}.Debug|iPhoneSimulator.Build.0 = Debug|iPhoneSimulator
		{27B2F72E-80A6-45FF-9DF9-13A434633752}.Release|Any CPU.ActiveCfg = Release|iPhone
		{27B2F72E-80A6-45FF-9DF9-13A434633752}.Release|iPhone.ActiveCfg = Release|iPhone
		{27B2F72E-80A6-45FF-9DF9-13A434633752}.Release|iPhone.Build.0 = Release|iPhone
		{27B2F72E-80A6-45FF-9DF9-13A434633752}.Release|iPhoneSimulator.ActiveCfg = Release|iPhoneSimulator
		{27B2F72E-80A6-45FF-9DF9-13A434633752}.Release|iPhoneSimulator.Build.0 = Release|iPhoneSimulator
		{A3472ABB-775D-4E80-B05C-8E313E091084}.Ad-Hoc|Any CPU.ActiveCfg = Debug|Any CPU
		{A3472ABB-775D-4E80-B05C-8E313E091084}.Ad-Hoc|Any CPU.Build.0 = Debug|Any CPU
		{A3472ABB-775D-4E80-B05C-8E313E091084}.Ad-Hoc|iPhone.ActiveCfg = Debug|Any CPU
		{A3472ABB-775D-4E80-B05C-8E313E091084}.Ad-Hoc|iPhone.Build.0 = Debug|Any CPU
		{A3472ABB-775D-4E80-B05C-8E313E091084}.Ad-Hoc|iPhoneSimulator.ActiveCfg = Debug|Any CPU
		{A3472ABB-775D-4E80-B05C-8E313E091084}.Ad-Hoc|iPhoneSimulator.Build.0 = Debug|Any CPU
		{A3472ABB-775D-4E80-B05C-8E313E091084}.AppStore|Any CPU.ActiveCfg = Debug|Any CPU
		{A3472ABB-775D-4E80-B05C-8E313E091084}.AppStore|Any CPU.Build.0 = Debug|Any CPU
		{A3472ABB-775D-4E80-B05C-8E313E091084}.AppStore|iPhone.ActiveCfg = Debug|Any CPU
		{A3472ABB-775D-4E80-B05C-8E313E091084}.AppStore|iPhone.Build.0 = Debug|Any CPU
		{A3472ABB-775D-4E80-B05C-8E313E091084}.AppStore|iPhoneSimulator.ActiveCfg = Debug|Any CPU
		{A3472ABB-775D-4E80-B05C-8E313E091084}.AppStore|iPhoneSimulator.Build.0 = Debug|Any CPU
		{A3472ABB-775D-4E80-B05C-8E313E091084}.Debug|Any CPU.ActiveCfg = Debug|Any CPU
		{A3472ABB-775D-4E80-B05C-8E313E091084}.Debug|Any CPU.Build.0 = Debug|Any CPU
		{A3472ABB-775D-4E80-B05C-8E313E091084}.Debug|iPhone.ActiveCfg = Debug|Any CPU
		{A3472ABB-775D-4E80-B05C-8E313E091084}.Debug|iPhone.Build.0 = Debug|Any CPU
		{A3472ABB-775D-4E80-B05C-8E313E091084}.Debug|iPhoneSimulator.ActiveCfg = Debug|Any CPU
		{A3472ABB-775D-4E80-B05C-8E313E091084}.Debug|iPhoneSimulator.Build.0 = Debug|Any CPU
		{A3472ABB-775D-4E80-B05C-8E313E091084}.Release|Any CPU.ActiveCfg = Release|Any CPU
		{A3472ABB-775D-4E80-B05C-8E313E091084}.Release|Any CPU.Build.0 = Release|Any CPU
		{A3472ABB-775D-4E80-B05C-8E313E091084}.Release|iPhone.ActiveCfg = Release|Any CPU
		{A3472ABB-775D-4E80-B05C-8E313E091084}.Release|iPhone.Build.0 = Release|Any CPU
		{A3472ABB-775D-4E80-B05C-8E313E091084}.Release|iPhoneSimulator.ActiveCfg = Release|Any CPU
		{A3472ABB-775D-4E80-B05C-8E313E091084}.Release|iPhoneSimulator.Build.0 = Release|Any CPU
	EndGlobalSection
	GlobalSection(SolutionProperties) = preSolution
		HideSolutionNode = FALSE
	EndGlobalSection
	GlobalSection(ExtensibilityGlobals) = postSolution
		SolutionGuid = {B4D9DE0A-4503-4295-B79D-F1F955BA5946}
	EndGlobalSection
EndGlobal
